
Microsoft Visual Studio Solution File, Format Version 12.00
# Visual Studio Version 16
VisualStudioVersion = 16.0.808.5
MinimumVisualStudioVersion = 10.0.40219.1
Project("{9A19103F-16F7-4668-BE54-9A1E7A4F7556}") = "BulmaRazor", "src\BulmaRazor\BulmaRazor.csproj", "{59334291-9541-4EE5-87B2-76ADBE1A8251}"
EndProject
Project("{9A19103F-16F7-4668-BE54-9A1E7A4F7556}") = "BulmaRazorServer", "src\BulmaBlazorServer\BulmaRazorServer.csproj", "{1D5AAF22-C6F7-4205-8162-80A23F76FF01}"
EndProject
Global
	GlobalSection(SolutionConfigurationPlatforms) = preSolution
		Debug|Any CPU = Debug|Any CPU
		Release|Any CPU = Release|Any CPU
	EndGlobalSection
	GlobalSection(ProjectConfigurationPlatforms) = postSolution
		{59334291-9541-4EE5-87B2-76ADBE1A8251}.Debug|Any CPU.ActiveCfg = Debug|Any CPU
		{59334291-9541-4EE5-87B2-76ADBE1A8251}.Debug|Any CPU.Build.0 = Debug|Any CPU
		{59334291-9541-4EE5-87B2-76ADBE1A8251}.Release|Any CPU.ActiveCfg = Release|Any CPU
		{59334291-9541-4EE5-87B2-76ADBE1A8251}.Release|Any CPU.Build.0 = Release|Any CPU
		{1D5AAF22-C6F7-4205-8162-80A23F76FF01}.Debug|Any CPU.ActiveCfg = Debug|Any CPU
		{1D5AAF22-C6F7-4205-8162-80A23F76FF01}.Debug|Any CPU.Build.0 = Debug|Any CPU
		{1D5AAF22-C6F7-4205-8162-80A23F76FF01}.Release|Any CPU.ActiveCfg = Release|Any CPU
		{1D5AAF22-C6F7-4205-8162-80A23F76FF01}.Release|Any CPU.Build.0 = Release|Any CPU
	EndGlobalSection
	GlobalSection(SolutionProperties) = preSolution
		HideSolutionNode = FALSE
	EndGlobalSection
	GlobalSection(ExtensibilityGlobals) = postSolution
		SolutionGuid = {C0728C99-A0D8-46AE-88BB-1C8C98378B3A}
	EndGlobalSection
EndGlobal
